Microsoft Visual Studio Solution File, Format Version 12.00
# Visual Studio Version 17
VisualStudioVersion = 17.5.2.0
MinimumVisualStudioVersion = 10.0.40219.1
Project("{2150E333-8FDC-42A3-9474-1A3956D46DE8}") = "Day 7", "Day 7", "{71A23216-F986-8EC8-0789-111720A3E5EE}"
EndProject
Project("{2150E333-8FDC-42A3-9474-1A3956D46DE8}") = "Day 12", "Day 12", "{6A9F574A-F2AD-89EC-BB7E-36D114CF710D}"
EndProject
Project("{2150E333-8FDC-42A3-9474-1A3956D46DE8}") = "Day 10", "Day 10", "{26747759-1A66-B50F-9D71-79F37C744C7F}"
EndProject
Project("{2150E333-8FDC-42A3-9474-1A3956D46DE8}") = "Day 15", "Day 15", "{3F7556E5-BD33-2173-3613-5F30ED4F2EE2}"
EndProject
Project("{2150E333-8FDC-42A3-9474-1A3956D46DE8}") = "Day 5", "Day 5", "{7561C7DB-2D23-2CEB-B43F-F4BBDA667714}"
EndProject
Project("{2150E333-8FDC-42A3-9474-1A3956D46DE8}") = "Day 4", "Day 4", "{996097B5-D7F6-CE2C-4749-53E69B91CBE9}"
EndProject
Project("{2150E333-8FDC-42A3-9474-1A3956D46DE8}") = "Day 9", "Day 9", "{D0A51295-251D-A396-F339-654810673619}"
EndProject
Project("{2150E333-8FDC-42A3-9474-1A3956D46DE8}") = "Day 1", "Day 1", "{08443366-13CC-A938-142C-0608B90E85EA}"
EndProject
Project("{2150E333-8FDC-42A3-9474-1A3956D46DE8}") = "Day 2", "Day 2", "{38787AFC-8048-3E1D-D033-09441ECD9E15}"
EndProject
Project("{2150E333-8FDC-42A3-9474-1A3956D46DE8}") = "Day 17", "Day 17", "{7969989F-E12F-CF67-FD3F-4C5975513EAB}"
EndProject
Project("{2150E333-8FDC-42A3-9474-1A3956D46DE8}") = "Day 13", "Day 13", "{6C8A34D2-D54A-4898-F589-8CDF28D26C1D}"
EndProject
Project("{2150E333-8FDC-42A3-9474-1A3956D46DE8}") = "Day 6", "Day 6", "{2A07CB55-304D-5A72-2F2F-21F137E621DD}"
EndProject
Project("{2150E333-8FDC-42A3-9474-1A3956D46DE8}") = "Day 11", "Day 11", "{9CA3D130-51E8-ED35-FF29-62401E9225AE}"
EndProject
Project("{2150E333-8FDC-42A3-9474-1A3956D46DE8}") = "Day 8", "Day 8", "{1E3BEC93-CA07-1714-C1A7-54976FB544A9}"
EndProject
Project("{2150E333-8FDC-42A3-9474-1A3956D46DE8}") = "Day 14", "Day 14", "{5B447900-7186-183B-32C5-E39ABCE3C58F}"
EndProject
Project("{2150E333-8FDC-42A3-9474-1A3956D46DE8}") = "Day 16", "Day 16", "{061866B2-CE11-AF60-CAC2-55487DAD0E42}"
EndProject
Project("{2150E333-8FDC-42A3-9474-1A3956D46DE8}") = "Day 3", "Day 3", "{C61DC945-BE16-E287-CBD7-A87D21CFA67B}"
EndProject
Project("{FAE04EC0-301F-11D3-BF4B-00C04F79EFBC}") = "Day7_Part2", "Day 7\Day7_Part2\Day7_Part2.csproj", "{816E3E0F-62E0-3A9E-31ED-3347F947861B}"
EndProject
Project("{FAE04EC0-301F-11D3-BF4B-00C04F79EFBC}") = "Day7_Part1", "Day 7\Day7_Part1\Day7_Part1.csproj", "{989D6F3C-E4A2-8631-0B0A-4227994DE55F}"
EndProject
Project("{FAE04EC0-301F-11D3-BF4B-00C04F79EFBC}") = "Day12_Part1", "Day 12\Day12_Part1\Day12_Part1.csproj", "{C18E2A04-FE0D-E309-122C-03B69E7AF131}"
EndProject
Project("{FAE04EC0-301F-11D3-BF4B-00C04F79EFBC}") = "Day12_Part2", "Day 12\Day12_Part2\Day12_Part2.csproj", "{D1198567-F81E-32BA-5831-658BC90DACBB}"
EndProject
Project("{FAE04EC0-301F-11D3-BF4B-00C04F79EFBC}") = "Day10_Part2", "Day 10\Day10_Part2\Day10_Part2.csproj", "{CD835CBF-B616-6BBF-C4CE-EA77DB90F153}"
EndProject
Project("{FAE04EC0-301F-11D3-BF4B-00C04F79EFBC}") = "Day10_Part1", "Day 10\Day10_Part1\Day10_Part1.csproj", "{C8385072-1537-5E7F-9937-3BBFA90B7FEA}"
EndProject
Project("{FAE04EC0-301F-11D3-BF4B-00C04F79EFBC}") = "Day15_Part1", "Day 15\Day15_Part1\Day15_Part1.csproj", "{ED0A4569-681F-F810-FDFF-3B6F2CE38C58}"
EndProject
Project("{FAE04EC0-301F-11D3-BF4B-00C04F79EFBC}") = "Day15_Part2", "Day 15\Day15_Part2\Day15_Part2.csproj", "{A8BD6F89-A5D7-B156-9578-4873E76B25D8}"
EndProject
Project("{FAE04EC0-301F-11D3-BF4B-00C04F79EFBC}") = "Day5_Part1", "Day 5\Day5_Part1\Day5_Part1.csproj", "{531AE396-5D72-BCB8-7B0C-BDCE1EBC70A8}"
EndProject
Project("{FAE04EC0-301F-11D3-BF4B-00C04F79EFBC}") = "Day5_Part2", "Day 5\Day5_Part2\Day5_Part2.csproj", "{0385AF59-F7C2-A09B-87A6-439F45F9541A}"
EndProject
Project("{FAE04EC0-301F-11D3-BF4B-00C04F79EFBC}") = "Day4_Part1", "Day 4\Day4_Part1\Day4_Part1.csproj", "{C49CA972-EC6C-E088-D93C-2266FB068254}"
EndProject
Project("{FAE04EC0-301F-11D3-BF4B-00C04F79EFBC}") = "Day4_Part2", "Day 4\Day4_Part2\Day4_Part2.csproj", "{28C6CFB6-ED5A-B59A-9163-C98868AB5D7C}"
EndProject
Project("{FAE04EC0-301F-11D3-BF4B-00C04F79EFBC}") = "Day9_Part2", "Day 9\Day9_Part2\Day9_Part2.csproj", "{2520B66E-4B57-304E-325D-64438C300200}"
EndProject
Project("{FAE04EC0-301F-11D3-BF4B-00C04F79EFBC}") = "Day9_Part1", "Day 9\Day9_Part1\Day9_Part1.csproj", "{3DEE700A-3C79-F8A9-D1D4-C79695F7073B}"
EndProject
Project("{FAE04EC0-301F-11D3-BF4B-00C04F79EFBC}") = "Distance_between_lists", "Day 1\Distance_between_lists\Distance_between_lists.csproj", "{F423E6FA-41F9-621B-B027-38B1C49D382A}"
EndProject
Project("{FAE04EC0-301F-11D3-BF4B-00C04F79EFBC}") = "similarity_score", "Day 1\similarity_score\similarity_score.csproj", "{98F3EE8F-C84E-9C01-417E-A2814BF1AB42}"
EndProject
Project("{FAE04EC0-301F-11D3-BF4B-00C04F79EFBC}") = "Day2_Part2", "Day 2\Day2_Part2\Day2_Part2.csproj", "{2998E6FF-CE42-5D27-066B-835B08E4E957}"
EndProject
Project("{FAE04EC0-301F-11D3-BF4B-00C04F79EFBC}") = "Day2_Part1", "Day 2\Day2_Part1\Day2_Part1.csproj", "{D7F115A4-478B-C74F-5D12-EF4C5F99A801}"
EndProject
Project("{FAE04EC0-301F-11D3-BF4B-00C04F79EFBC}") = "Day17_Part2", "Day 17\Day17_Part2\Day17_Part2.csproj", "{7015A7F7-8A3A-6385-59E1-47F873CFFCA2}"
EndProject
Project("{FAE04EC0-301F-11D3-BF4B-00C04F79EFBC}") = "Day17_Part1", "Day 17\Day17_Part1\Day17_Part1.csproj", "{30EF7678-5043-B15E-BFEF-80ABC826E8A8}"
EndProject
Project("{FAE04EC0-301F-11D3-BF4B-00C04F79EFBC}") = "Day13_Part2", "Day 13\Day13_Part2\Day13_Part2.csproj", "{01C2C4A1-432B-F899-75AC-48C94A26F4D6}"
EndProject
Project("{FAE04EC0-301F-11D3-BF4B-00C04F79EFBC}") = "Day13_Part1", "Day 13\Day13_Part1\Day13_Part1.csproj", "{5FB3D37E-CA8C-70C9-1AC5-B70733116098}"
EndProject
Project("{FAE04EC0-301F-11D3-BF4B-00C04F79EFBC}") = "Day6_Part2", "Day 6\Day6_Part2\Day6_Part2.csproj", "{C94773C0-C7ED-6787-EA70-11C3E26D33F0}"
EndProject
Project("{FAE04EC0-301F-11D3-BF4B-00C04F79EFBC}") = "Day6_Part1", "Day 6\Day6_Part1\Day6_Part1.csproj", "{D15387A8-4556-5371-D14E-CE0D8869ADA7}"
EndProject
Project("{FAE04EC0-301F-11D3-BF4B-00C04F79EFBC}") = "Day11_Part2", "Day 11\Day11_Part2\Day11_Part2.csproj", "{EF020525-5E9F-46BC-14AC-0AC2FD97C07A}"
EndProject
Project("{FAE04EC0-301F-11D3-BF4B-00C04F79EFBC}") = "Day11_Part1", "Day 11\Day11_Part1\Day11_Part1.csproj", "{D7C16710-4E1A-3D3E-30DB-CCC9CEA62DD8}"
EndProject
Project("{FAE04EC0-301F-11D3-BF4B-00C04F79EFBC}") = "Day8_Part1", "Day 8\Day8_Part1\Day8_Part1.csproj", "{7543D756-4CD2-C804-3A6A-321B8A7B9F52}"
EndProject
Project("{FAE04EC0-301F-11D3-BF4B-00C04F79EFBC}") = "Day8_Part2", "Day 8\Day8_Part2\Day8_Part2.csproj", "{4A2E7BB3-910E-3225-BFED-D3390F07A09D}"
EndProject
Project("{FAE04EC0-301F-11D3-BF4B-00C04F79EFBC}") = "Day14_Part2", "Day 14\Day14_Part2\Day14_Part2.csproj", "{2EC1C3CF-8DCA-C711-242C-70838F9F7B27}"
EndProject
Project("{FAE04EC0-301F-11D3-BF4B-00C04F79EFBC}") = "Day14_Part1", "Day 14\Day14_Part1\Day14_Part1.csproj", "{CE634D3D-79D0-D6F4-6524-EB90CE168BA5}"
EndProject
Project("{FAE04EC0-301F-11D3-BF4B-00C04F79EFBC}") = "Day16_Part2", "Day 16\Day16_Part2\Day16_Part2.csproj", "{4C9EFD71-CA58-0859-86B2-9E2F103367F2}"
EndProject
Project("{FAE04EC0-301F-11D3-BF4B-00C04F79EFBC}") = "Day16_Part1", "Day 16\Day16_Part1\Day16_Part1.csproj", "{635CB67C-02F1-D02A-2741-578E2C201ECA}"
EndProject
Project("{FAE04EC0-301F-11D3-BF4B-00C04F79EFBC}") = "Day3_Part2", "Day 3\Day3_Part2\Day3_Part2.csproj", "{4F392D2A-9338-57EE-9BDB-6C561F667C39}"
EndProject
Project("{FAE04EC0-301F-11D3-BF4B-00C04F79EFBC}") = "Day3_Part1", "Day 3\Day3_Part1\Day3_Part1.csproj", "{97E13600-B4D5-3065-1089-00B17CC67007}"
EndProject
Global
	GlobalSection(SolutionConfigurationPlatforms) = preSolution
		Debug|Any CPU = Debug|Any CPU
		Release|Any CPU = Release|Any CPU
	EndGlobalSection
	GlobalSection(ProjectConfigurationPlatforms) = postSolution
		{816E3E0F-62E0-3A9E-31ED-3347F947861B}.Debug|Any CPU.ActiveCfg = Debug|Any CPU
		{816E3E0F-62E0-3A9E-31ED-3347F947861B}.Debug|Any CPU.Build.0 = Debug|Any CPU
		{816E3E0F-62E0-3A9E-31ED-3347F947861B}.Release|Any CPU.ActiveCfg = Release|Any CPU
		{816E3E0F-62E0-3A9E-31ED-3347F947861B}.Release|Any CPU.Build.0 = Release|Any CPU
		{989D6F3C-E4A2-8631-0B0A-4227994DE55F}.Debug|Any CPU.ActiveCfg = Debug|Any CPU
		{989D6F3C-E4A2-8631-0B0A-4227994DE55F}.Debug|Any CPU.Build.0 = Debug|Any CPU
		{989D6F3C-E4A2-8631-0B0A-4227994DE55F}.Release|Any CPU.ActiveCfg = Release|Any CPU
		{989D6F3C-E4A2-8631-0B0A-4227994DE55F}.Release|Any CPU.Build.0 = Release|Any CPU
		{C18E2A04-FE0D-E309-122C-03B69E7AF131}.Debug|Any CPU.ActiveCfg = Debug|Any CPU
		{C18E2A04-FE0D-E309-122C-03B69E7AF131}.Debug|Any CPU.Build.0 = Debug|Any CPU
		{C18E2A04-FE0D-E309-122C-03B69E7AF131}.Release|Any CPU.ActiveCfg = Release|Any CPU
		{C18E2A04-FE0D-E309-122C-03B69E7AF131}.Release|Any CPU.Build.0 = Release|Any CPU
		{D1198567-F81E-32BA-5831-658BC90DACBB}.Debug|Any CPU.ActiveCfg = Debug|Any CPU
		{D1198567-F81E-32BA-5831-658BC90DACBB}.Debug|Any CPU.Build.0 = Debug|Any CPU
		{D1198567-F81E-32BA-5831-658BC90DACBB}.Release|Any CPU.ActiveCfg = Release|Any CPU
		{D1198567-F81E-32BA-5831-658BC90DACBB}.Release|Any CPU.Build.0 = Release|Any CPU
		{CD835CBF-B616-6BBF-C4CE-EA77DB90F153}.Debug|Any CPU.ActiveCfg = Debug|Any CPU
		{CD835CBF-B616-6BBF-C4CE-EA77DB90F153}.Debug|Any CPU.Build.0 = Debug|Any CPU
		{CD835CBF-B616-6BBF-C4CE-EA77DB90F153}.Release|Any CPU.ActiveCfg = Release|Any CPU
		{CD835CBF-B616-6BBF-C4CE-EA77DB90F153}.Release|Any CPU.Build.0 = Release|Any CPU
		{C8385072-1537-5E7F-9937-3BBFA90B7FEA}.Debug|Any CPU.ActiveCfg = Debug|Any CPU
		{C8385072-1537-5E7F-9937-3BBFA90B7FEA}.Debug|Any CPU.Build.0 = Debug|Any CPU
		{C8385072-1537-5E7F-9937-3BBFA90B7FEA}.Release|Any CPU.ActiveCfg = Release|Any CPU
		{C8385072-1537-5E7F-9937-3BBFA90B7FEA}.Release|Any CPU.Build.0 = Release|Any CPU
		{ED0A4569-681F-F810-FDFF-3B6F2CE38C58}.Debug|Any CPU.ActiveCfg = Debug|Any CPU
		{ED0A4569-681F-F810-FDFF-3B6F2CE38C58}.Debug|Any CPU.Build.0 = Debug|Any CPU
		{ED0A4569-681F-F810-FDFF-3B6F2CE38C58}.Release|Any CPU.ActiveCfg = Release|Any CPU
		{ED0A4569-681F-F810-FDFF-3B6F2CE38C58}.Release|Any CPU.Build.0 = Release|Any CPU
		{A8BD6F89-A5D7-B156-9578-4873E76B25D8}.Debug|Any CPU.ActiveCfg = Debug|Any CPU
		{A8BD6F89-A5D7-B156-9578-4873E76B25D8}.Debug|Any CPU.Build.0 = Debug|Any CPU
		{A8BD6F89-A5D7-B156-9578-4873E76B25D8}.Release|Any CPU.ActiveCfg = Release|Any CPU
		{A8BD6F89-A5D7-B156-9578-4873E76B25D8}.Release|Any CPU.Build.0 = Release|Any CPU
		{531AE396-5D72-BCB8-7B0C-BDCE1EBC70A8}.Debug|Any CPU.ActiveCfg = Debug|Any CPU
		{531AE396-5D72-BCB8-7B0C-BDCE1EBC70A8}.Debug|Any CPU.Build.0 = Debug|Any CPU
		{531AE396-5D72-BCB8-7B0C-BDCE1EBC70A8}.Release|Any CPU.ActiveCfg = Release|Any CPU
		{531AE396-5D72-BCB8-7B0C-BDCE1EBC70A8}.Release|Any CPU.Build.0 = Release|Any CPU
		{0385AF59-F7C2-A09B-87A6-439F45F9541A}.Debug|Any CPU.ActiveCfg = Debug|Any CPU
		{0385AF59-F7C2-A09B-87A6-439F45F9541A}.Debug|Any CPU.Build.0 = Debug|Any CPU
		{0385AF59-F7C2-A09B-87A6-439F45F9541A}.Release|Any CPU.ActiveCfg = Release|Any CPU
		{0385AF59-F7C2-A09B-87A6-439F45F9541A}.Release|Any CPU.Build.0 = Release|Any CPU
		{C49CA972-EC6C-E088-D93C-2266FB068254}.Debug|Any CPU.ActiveCfg = Debug|Any CPU
		{C49CA972-EC6C-E088-D93C-2266FB068254}.Debug|Any CPU.Build.0 = Debug|Any CPU
		{C49CA972-EC6C-E088-D93C-2266FB068254}.Release|Any CPU.ActiveCfg = Release|Any CPU
		{C49CA972-EC6C-E088-D93C-2266FB068254}.Release|Any CPU.Build.0 = Release|Any CPU
		{28C6CFB6-ED5A-B59A-9163-C98868AB5D7C}.Debug|Any CPU.ActiveCfg = Debug|Any CPU
		{28C6CFB6-ED5A-B59A-9163-C98868AB5D7C}.Debug|Any CPU.Build.0 = Debug|Any CPU
		{28C6CFB6-ED5A-B59A-9163-C98868AB5D7C}.Release|Any CPU.ActiveCfg = Release|Any CPU
		{28C6CFB6-ED5A-B59A-9163-C98868AB5D7C}.Release|Any CPU.Build.0 = Release|Any CPU
		{2520B66E-4B57-304E-325D-64438C300200}.Debug|Any CPU.ActiveCfg = Debug|Any CPU
		{2520B66E-4B57-304E-325D-64438C300200}.Debug|Any CPU.Build.0 = Debug|Any CPU
		{2520B66E-4B57-304E-325D-64438C300200}.Release|Any CPU.ActiveCfg = Release|Any CPU
		{2520B66E-4B57-304E-325D-64438C300200}.Release|Any CPU.Build.0 = Release|Any CPU
		{3DEE700A-3C79-F8A9-D1D4-C79695F7073B}.Debug|Any CPU.ActiveCfg = Debug|Any CPU
		{3DEE700A-3C79-F8A9-D1D4-C79695F7073B}.Debug|Any CPU.Build.0 = Debug|Any CPU
		{3DEE700A-3C79-F8A9-D1D4-C79695F7073B}.Release|Any CPU.ActiveCfg = Release|Any CPU
		{3DEE700A-3C79-F8A9-D1D4-C79695F7073B}.Release|Any CPU.Build.0 = Release|Any CPU
		{F423E6FA-41F9-621B-B027-38B1C49D382A}.Debug|Any CPU.ActiveCfg = Debug|Any CPU
		{F423E6FA-41F9-621B-B027-38B1C49D382A}.Debug|Any CPU.Build.0 = Debug|Any CPU
		{F423E6FA-41F9-621B-B027-38B1C49D382A}.Release|Any CPU.ActiveCfg = Release|Any CPU
		{F423E6FA-41F9-621B-B027-38B1C49D382A}.Release|Any CPU.Build.0 = Release|Any CPU
		{98F3EE8F-C84E-9C01-417E-A2814BF1AB42}.Debug|Any CPU.ActiveCfg = Debug|Any CPU
		{98F3EE8F-C84E-9C01-417E-A2814BF1AB42}.Debug|Any CPU.Build.0 = Debug|Any CPU
		{98F3EE8F-C84E-9C01-417E-A2814BF1AB42}.Release|Any CPU.ActiveCfg = Release|Any CPU
		{98F3EE8F-C84E-9C01-417E-A2814BF1AB42}.Release|Any CPU.Build.0 = Release|Any CPU
		{2998E6FF-CE42-5D27-066B-835B08E4E957}.Debug|Any CPU.ActiveCfg = Debug|Any CPU
		{2998E6FF-CE42-5D27-066B-835B08E4E957}.Debug|Any CPU.Build.0 = Debug|Any CPU
		{2998E6FF-CE42-5D27-066B-835B08E4E957}.Release|Any CPU.ActiveCfg = Release|Any CPU
		{2998E6FF-CE42-5D27-066B-835B08E4E957}.Release|Any CPU.Build.0 = Release|Any CPU
		{D7F115A4-478B-C74F-5D12-EF4C5F99A801}.Debug|Any CPU.ActiveCfg = Debug|Any CPU
		{D7F115A4-478B-C74F-5D12-EF4C5F99A801}.Debug|Any CPU.Build.0 = Debug|Any CPU
		{D7F115A4-478B-C74F-5D12-EF4C5F99A801}.Release|Any CPU.ActiveCfg = Release|Any CPU
		{D7F115A4-478B-C74F-5D12-EF4C5F99A801}.Release|Any CPU.Build.0 = Release|Any CPU
		{7015A7F7-8A3A-6385-59E1-47F873CFFCA2}.Debug|Any CPU.ActiveCfg = Debug|Any CPU
		{7015A7F7-8A3A-6385-59E1-47F873CFFCA2}.Debug|Any CPU.Build.0 = Debug|Any CPU
		{7015A7F7-8A3A-6385-59E1-47F873CFFCA2}.Release|Any CPU.ActiveCfg = Release|Any CPU
		{7015A7F7-8A3A-6385-59E1-47F873CFFCA2}.Release|Any CPU.Build.0 = Release|Any CPU
		{30EF7678-5043-B15E-BFEF-80ABC826E8A8}.Debug|Any CPU.ActiveCfg = Debug|Any CPU
		{30EF7678-5043-B15E-BFEF-80ABC826E8A8}.Debug|Any CPU.Build.0 = Debug|Any CPU
		{30EF7678-5043-B15E-BFEF-80ABC826E8A8}.Release|Any CPU.ActiveCfg = Release|Any CPU
		{30EF7678-5043-B15E-BFEF-80ABC826E8A8}.Release|Any CPU.Build.0 = Release|Any CPU
		{01C2C4A1-432B-F899-75AC-48C94A26F4D6}.Debug|Any CPU.ActiveCfg = Debug|Any CPU
		{01C2C4A1-432B-F899-75AC-48C94A26F4D6}.Debug|Any CPU.Build.0 = Debug|Any CPU
		{01C2C4A1-432B-F899-75AC-48C94A26F4D6}.Release|Any CPU.ActiveCfg = Release|Any CPU
		{01C2C4A1-432B-F899-75AC-48C94A26F4D6}.Release|Any CPU.Build.0 = Release|Any CPU
		{5FB3D37E-CA8C-70C9-1AC5-B70733116098}.Debug|Any CPU.ActiveCfg = Debug|Any CPU
		{5FB3D37E-CA8C-70C9-1AC5-B70733116098}.Debug|Any CPU.Build.0 = Debug|Any CPU
		{5FB3D37E-CA8C-70C9-1AC5-B70733116098}.Release|Any CPU.ActiveCfg = Release|Any CPU
		{5FB3D37E-CA8C-70C9-1AC5-B70733116098}.Release|Any CPU.Build.0 = Release|Any CPU
		{C94773C0-C7ED-6787-EA70-11C3E26D33F0}.Debug|Any CPU.ActiveCfg = Debug|Any CPU
		{C94773C0-C7ED-6787-EA70-11C3E26D33F0}.Debug|Any CPU.Build.0 = Debug|Any CPU
		{C94773C0-C7ED-6787-EA70-11C3E26D33F0}.Release|Any CPU.ActiveCfg = Release|Any CPU
		{C94773C0-C7ED-6787-EA70-11C3E26D33F0}.Release|Any CPU.Build.0 = Release|Any CPU
		{D15387A8-4556-5371-D14E-CE0D8869ADA7}.Debug|Any CPU.ActiveCfg = Debug|Any CPU
		{D15387A8-4556-5371-D14E-CE0D8869ADA7}.Debug|Any CPU.Build.0 = Debug|Any CPU
		{D15387A8-4556-5371-D14E-CE0D8869ADA7}.Release|Any CPU.ActiveCfg = Release|Any CPU
		{D15387A8-4556-5371-D14E-CE0D8869ADA7}.Release|Any CPU.Build.0 = Release|Any CPU
		{EF020525-5E9F-46BC-14AC-0AC2FD97C07A}.Debug|Any CPU.ActiveCfg = Debug|Any CPU
		{EF020525-5E9F-46BC-14AC-0AC2FD97C07A}.Debug|Any CPU.Build.0 = Debug|Any CPU
		{EF020525-5E9F-46BC-14AC-0AC2FD97C07A}.Release|Any CPU.ActiveCfg = Release|Any CPU
		{EF020525-5E9F-46BC-14AC-0AC2FD97C07A}.Release|Any CPU.Build.0 = Release|Any CPU
		{D7C16710-4E1A-3D3E-30DB-CCC9CEA62DD8}.Debug|Any CPU.ActiveCfg = Debug|Any CPU
		{D7C16710-4E1A-3D3E-30DB-CCC9CEA62DD8}.Debug|Any CPU.Build.0 = Debug|Any CPU
		{D7C16710-4E1A-3D3E-30DB-CCC9CEA62DD8}.Release|Any CPU.ActiveCfg = Release|Any CPU
		{D7C16710-4E1A-3D3E-30DB-CCC9CEA62DD8}.Release|Any CPU.Build.0 = Release|Any CPU
		{7543D756-4CD2-C804-3A6A-321B8A7B9F52}.Debug|Any CPU.ActiveCfg = Debug|Any CPU
		{7543D756-4CD2-C804-3A6A-321B8A7B9F52}.Debug|Any CPU.Build.0 = Debug|Any CPU
		{7543D756-4CD2-C804-3A6A-321B8A7B9F52}.Release|Any CPU.ActiveCfg = Release|Any CPU
		{7543D756-4CD2-C804-3A6A-321B8A7B9F52}.Release|Any CPU.Build.0 = Release|Any CPU
		{4A2E7BB3-910E-3225-BFED-D3390F07A09D}.Debug|Any CPU.ActiveCfg = Debug|Any CPU
		{4A2E7BB3-910E-3225-BFED-D3390F07A09D}.Debug|Any CPU.Build.0 = Debug|Any CPU
		{4A2E7BB3-910E-3225-BFED-D3390F07A09D}.Release|Any CPU.ActiveCfg = Release|Any CPU
		{4A2E7BB3-910E-3225-BFED-D3390F07A09D}.Release|Any CPU.Build.0 = Release|Any CPU
		{2EC1C3CF-8DCA-C711-242C-70838F9F7B27}.Debug|Any CPU.ActiveCfg = Debug|Any CPU
		{2EC1C3CF-8DCA-C711-242C-70838F9F7B27}.Debug|Any CPU.Build.0 = Debug|Any CPU
		{2EC1C3CF-8DCA-C711-242C-70838F9F7B27}.Release|Any CPU.ActiveCfg = Release|Any CPU
		{2EC1C3CF-8DCA-C711-242C-70838F9F7B27}.Release|Any CPU.Build.0 = Release|Any CPU
		{CE634D3D-79D0-D6F4-6524-EB90CE168BA5}.Debug|Any CPU.ActiveCfg = Debug|Any CPU
		{CE634D3D-79D0-D6F4-6524-EB90CE168BA5}.Debug|Any CPU.Build.0 = Debug|Any CPU
		{CE634D3D-79D0-D6F4-6524-EB90CE168BA5}.Release|Any CPU.ActiveCfg = Release|Any CPU
		{CE634D3D-79D0-D6F4-6524-EB90CE168BA5}.Release|Any CPU.Build.0 = Release|Any CPU
		{4C9EFD71-CA58-0859-86B2-9E2F103367F2}.Debug|Any CPU.ActiveCfg = Debug|Any CPU
		{4C9EFD71-CA58-0859-86B2-9E2F103367F2}.Debug|Any CPU.Build.0 = Debug|Any CPU
		{4C9EFD71-CA58-0859-86B2-9E2F103367F2}.Release|Any CPU.ActiveCfg = Release|Any CPU
		{4C9EFD71-CA58-0859-86B2-9E2F103367F2}.Release|Any CPU.Build.0 = Release|Any CPU
		{635CB67C-02F1-D02A-2741-578E2C201ECA}.Debug|Any CPU.ActiveCfg = Debug|Any CPU
		{635CB67C-02F1-D02A-2741-578E2C201ECA}.Debug|Any CPU.Build.0 = Debug|Any CPU
		{635CB67C-02F1-D02A-2741-578E2C201ECA}.Release|Any CPU.ActiveCfg = Release|Any CPU
		{635CB67C-02F1-D02A-2741-578E2C201ECA}.Release|Any CPU.Build.0 = Release|Any CPU
		{4F392D2A-9338-57EE-9BDB-6C561F667C39}.Debug|Any CPU.ActiveCfg = Debug|Any CPU
		{4F392D2A-9338-57EE-9BDB-6C561F667C39}.Debug|Any CPU.Build.0 = Debug|Any CPU
		{4F392D2A-9338-57EE-9BDB-6C561F667C39}.Release|Any CPU.ActiveCfg = Release|Any CPU
		{4F392D2A-9338-57EE-9BDB-6C561F667C39}.Release|Any CPU.Build.0 = Release|Any CPU
		{97E13600-B4D5-3065-1089-00B17CC67007}.Debug|Any CPU.ActiveCfg = Debug|Any CPU
		{97E13600-B4D5-3065-1089-00B17CC67007}.Debug|Any CPU.Build.0 = Debug|Any CPU
		{97E13600-B4D5-3065-1089-00B17CC67007}.Release|Any CPU.ActiveCfg = Release|Any CPU
		{97E13600-B4D5-3065-1089-00B17CC67007}.Release|Any CPU.Build.0 = Release|Any CPU
	EndGlobalSection
	GlobalSection(SolutionProperties) = preSolution
		HideSolutionNode = FALSE
	EndGlobalSection
	GlobalSection(NestedProjects) = preSolution
		{816E3E0F-62E0-3A9E-31ED-3347F947861B} = {71A23216-F986-8EC8-0789-111720A3E5EE}
		{989D6F3C-E4A2-8631-0B0A-4227994DE55F} = {71A23216-F986-8EC8-0789-111720A3E5EE}
		{C18E2A04-FE0D-E309-122C-03B69E7AF131} = {6A9F574A-F2AD-89EC-BB7E-36D114CF710D}
		{D1198567-F81E-32BA-5831-658BC90DACBB} = {6A9F574A-F2AD-89EC-BB7E-36D114CF710D}
		{CD835CBF-B616-6BBF-C4CE-EA77DB90F153} = {26747759-1A66-B50F-9D71-79F37C744C7F}
		{C8385072-1537-5E7F-9937-3BBFA90B7FEA} = {26747759-1A66-B50F-9D71-79F37C744C7F}
		{ED0A4569-681F-F810-FDFF-3B6F2CE38C58} = {3F7556E5-BD33-2173-3613-5F30ED4F2EE2}
		{A8BD6F89-A5D7-B156-9578-4873E76B25D8} = {3F7556E5-BD33-2173-3613-5F30ED4F2EE2}
		{531AE396-5D72-BCB8-7B0C-BDCE1EBC70A8} = {7561C7DB-2D23-2CEB-B43F-F4BBDA667714}
		{0385AF59-F7C2-A09B-87A6-439F45F9541A} = {7561C7DB-2D23-2CEB-B43F-F4BBDA667714}
		{C49CA972-EC6C-E088-D93C-2266FB068254} = {996097B5-D7F6-CE2C-4749-53E69B91CBE9}
		{28C6CFB6-ED5A-B59A-9163-C98868AB5D7C} = {996097B5-D7F6-CE2C-4749-53E69B91CBE9}
		{2520B66E-4B57-304E-325D-64438C300200} = {D0A51295-251D-A396-F339-654810673619}
		{3DEE700A-3C79-F8A9-D1D4-C79695F7073B} = {D0A51295-251D-A396-F339-654810673619}
		{F423E6FA-41F9-621B-B027-38B1C49D382A} = {08443366-13CC-A938-142C-0608B90E85EA}
		{98F3EE8F-C84E-9C01-417E-A2814BF1AB42} = {08443366-13CC-A938-142C-0608B90E85EA}
		{2998E6FF-CE42-5D27-066B-835B08E4E957} = {38787AFC-8048-3E1D-D033-09441ECD9E15}
		{D7F115A4-478B-C74F-5D12-EF4C5F99A801} = {38787AFC-8048-3E1D-D033-09441ECD9E15}
		{7015A7F7-8A3A-6385-59E1-47F873CFFCA2} = {7969989F-E12F-CF67-FD3F-4C5975513EAB}
		{30EF7678-5043-B15E-BFEF-80ABC826E8A8} = {7969989F-E12F-CF67-FD3F-4C5975513EAB}
		{01C2C4A1-432B-F899-75AC-48C94A26F4D6} = {6C8A34D2-D54A-4898-F589-8CDF28D26C1D}
		{5FB3D37E-CA8C-70C9-1AC5-B70733116098} = {6C8A34D2-D54A-4898-F589-8CDF28D26C1D}
		{C94773C0-C7ED-6787-EA70-11C3E26D33F0} = {2A07CB55-304D-5A72-2F2F-21F137E621DD}
		{D15387A8-4556-5371-D14E-CE0D8869ADA7} = {2A07CB55-304D-5A72-2F2F-21F137E621DD}
		{EF020525-5E9F-46BC-14AC-0AC2FD97C07A} = {9CA3D130-51E8-ED35-FF29-62401E9225AE}
		{D7C16710-4E1A-3D3E-30DB-CCC9CEA62DD8} = {9CA3D130-51E8-ED35-FF29-62401E9225AE}
		{7543D756-4CD2-C804-3A6A-321B8A7B9F52} = {1E3BEC93-CA07-1714-C1A7-54976FB544A9}
		{4A2E7BB3-910E-3225-BFED-D3390F07A09D} = {1E3BEC93-CA07-1714-C1A7-54976FB544A9}
		{2EC1C3CF-8DCA-C711-242C-70838F9F7B27} = {5B447900-7186-183B-32C5-E39ABCE3C58F}
		{CE634D3D-79D0-D6F4-6524-EB90CE168BA5} = {5B447900-7186-183B-32C5-E39ABCE3C58F}
		{4C9EFD71-CA58-0859-86B2-9E2F103367F2} = {061866B2-CE11-AF60-CAC2-55487DAD0E42}
		{635CB67C-02F1-D02A-2741-578E2C201ECA} = {061866B2-CE11-AF60-CAC2-55487DAD0E42}
		{4F392D2A-9338-57EE-9BDB-6C561F667C39} = {C61DC945-BE16-E287-CBD7-A87D21CFA67B}
		{97E13600-B4D5-3065-1089-00B17CC67007} = {C61DC945-BE16-E287-CBD7-A87D21CFA67B}
	EndGlobalSection
	GlobalSection(ExtensibilityGlobals) = postSolution
		SolutionGuid = {F88FB316-3FE2-4470-B9B6-B8174CF4C8CA}
	EndGlobalSection
EndGlobal
